{
  "name": "crs-graphics",
  "lockfileVersion": 2,
  "requires": true,
  "packages": {
    "": {
      "dependencies": {
        "babylonjs": "^5.5.5",
        "crs-binding": "^0.0.257",
        "crs-process-api": "^0.0.146"
      }
    },
    "node_modules/babylonjs": {
      "version": "5.5.5",
      "resolved": "https://registry.npmjs.org/babylonjs/-/babylonjs-5.5.5.tgz",
      "integrity": "sha512-zXeNFt3dadYDBQTQhQUtYuK6bF7d35zojJzYuynW6PwnEcw/m3+trneswBEVKycsY907hOXrD+TXjH8yCoBw/A=="
    },
    "node_modules/crs-binding": {
      "version": "0.0.257",
      "resolved": "https://registry.npmjs.org/crs-binding/-/crs-binding-0.0.257.tgz",
      "integrity": "sha512-7XMxesi/ND9JrJ2ogZsjaLcef3WwyQA+ReYHk8fBCeprFX0F31m/IWxUVAF20pxz0Ak65Vz24q649649ZkKRqw=="
    },
    "node_modules/crs-process-api": {
      "version": "0.0.146",
      "resolved": "https://registry.npmjs.org/crs-process-api/-/crs-process-api-0.0.146.tgz",
      "integrity": "sha512-H0CXvY10cPb5vmJ49gDyV4fKQmO+9VTRMcr++Xo93VryLNHoJl6pr//ZXccO0NLx/gxJ5lSSpK/aACkshCGERQ=="
    }
  },
  "dependencies": {
    "babylonjs": {
      "version": "5.5.5",
      "resolved": "https://registry.npmjs.org/babylonjs/-/babylonjs-5.5.5.tgz",
      "integrity": "sha512-zXeNFt3dadYDBQTQhQUtYuK6bF7d35zojJzYuynW6PwnEcw/m3+trneswBEVKycsY907hOXrD+TXjH8yCoBw/A=="
    },
    "crs-binding": {
      "version": "0.0.257",
      "resolved": "https://registry.npmjs.org/crs-binding/-/crs-binding-0.0.257.tgz",
      "integrity": "sha512-7XMxesi/ND9JrJ2ogZsjaLcef3WwyQA+ReYHk8fBCeprFX0F31m/IWxUVAF20pxz0Ak65Vz24q649649ZkKRqw=="
    },
    "crs-process-api": {
      "version": "0.0.146",
      "resolved": "https://registry.npmjs.org/crs-process-api/-/crs-process-api-0.0.146.tgz",
      "integrity": "sha512-H0CXvY10cPb5vmJ49gDyV4fKQmO+9VTRMcr++Xo93VryLNHoJl6pr//ZXccO0NLx/gxJ5lSSpK/aACkshCGERQ=="
    }
  }
}
